
Microsoft Visual Studio Solution File, Format Version 12.00
Project("{FAE04EC0-301F-11D3-BF4B-00C04F79EFBC}") = "Restaurant62", "Restaurant62\Restaurant62.csproj", "{6234CBC7-C4E8-470D-905A-3B0AD4E0D7BA}"
EndProject
Global
	GlobalSection(SolutionConfigurationPlatforms) = preSolution
		Debug|Any CPU = Debug|Any CPU
		Release|Any CPU = Release|Any CPU
	EndGlobalSection
	GlobalSection(ProjectConfigurationPlatforms) = postSolution
		{6234CBC7-C4E8-470D-905A-3B0AD4E0D7BA}.Debug|Any CPU.ActiveCfg = Debug|Any CPU
		{6234CBC7-C4E8-470D-905A-3B0AD4E0D7BA}.Debug|Any CPU.Build.0 = Debug|Any CPU
		{6234CBC7-C4E8-470D-905A-3B0AD4E0D7BA}.Release|Any CPU.ActiveCfg = Release|Any CPU
		{6234CBC7-C4E8-470D-905A-3B0AD4E0D7BA}.Release|Any CPU.Build.0 = Release|Any CPU
	EndGlobalSection
EndGlobal
