
Microsoft Visual Studio Solution File, Format Version 12.00
Project("{FAE04EC0-301F-11D3-BF4B-00C04F79EFBC}") = "Restaurant62", "Restaurant62\Restaurant62.csproj", "{6234CBC7-C4E8-470D-905A-3B0AD4E0D7BA}"
EndProject
Project("{FAE04EC0-301F-11D3-BF4B-00C04F79EFBC}") = "Restaurant62.DAL.Impl", "Restaurant62.DAL.Impl\Restaurant62.DAL.Impl.csproj", "{BFB70158-1216-458C-BC87-1F8CEF0327AD}"
EndProject
Project("{FAE04EC0-301F-11D3-BF4B-00C04F79EFBC}") = "Restaurant62.Entities", "Restaurant62.Entities\Restaurant62.Entities.csproj", "{7D40C00B-A542-4137-B8A4-A63754A1BE3E}"
EndProject
Project("{FAE04EC0-301F-11D3-BF4B-00C04F79EFBC}") = "Restaurant62.DAL.Abstract", "Restaurant62.DAL.Abstract\Restaurant62.DAL.Abstract.csproj", "{0AE987C2-FCA1-4FA8-9B42-DF763C6FA24C}"
EndProject
Project("{FAE04EC0-301F-11D3-BF4B-00C04F79EFBC}") = "Restaurant62.Models", "Restaurant62.Models\Restaurant62.Models.csproj", "{FD235A1B-6F26-4B70-A49F-A1049DC66D70}"
EndProject
Project("{FAE04EC0-301F-11D3-BF4B-00C04F79EFBC}") = "Restaurant62.BLL.Abstract", "Restaurant62.BLL.Abstract\Restaurant62.BLL.Abstract.csproj", "{7BF19958-0234-492E-889C-0C1241415EE0}"
EndProject
Project("{FAE04EC0-301F-11D3-BF4B-00C04F79EFBC}") = "Restaurant62.BLL.Impl", "Restaurant62.BLL.Impl\Restaurant62.BLL.Impl.csproj", "{B7BDE5E0-D67E-471B-BBAA-AB00FAFF3C4E}"
EndProject
Global
	GlobalSection(SolutionConfigurationPlatforms) = preSolution
		Debug|Any CPU = Debug|Any CPU
		Release|Any CPU = Release|Any CPU
	EndGlobalSection
	GlobalSection(ProjectConfigurationPlatforms) = postSolution
		{6234CBC7-C4E8-470D-905A-3B0AD4E0D7BA}.Debug|Any CPU.ActiveCfg = Debug|Any CPU
		{6234CBC7-C4E8-470D-905A-3B0AD4E0D7BA}.Debug|Any CPU.Build.0 = Debug|Any CPU
		{6234CBC7-C4E8-470D-905A-3B0AD4E0D7BA}.Release|Any CPU.ActiveCfg = Release|Any CPU
		{6234CBC7-C4E8-470D-905A-3B0AD4E0D7BA}.Release|Any CPU.Build.0 = Release|Any CPU
		{BFB70158-1216-458C-BC87-1F8CEF0327AD}.Debug|Any CPU.ActiveCfg = Debug|Any CPU
		{BFB70158-1216-458C-BC87-1F8CEF0327AD}.Debug|Any CPU.Build.0 = Debug|Any CPU
		{BFB70158-1216-458C-BC87-1F8CEF0327AD}.Release|Any CPU.ActiveCfg = Release|Any CPU
		{BFB70158-1216-458C-BC87-1F8CEF0327AD}.Release|Any CPU.Build.0 = Release|Any CPU
		{7D40C00B-A542-4137-B8A4-A63754A1BE3E}.Debug|Any CPU.ActiveCfg = Debug|Any CPU
		{7D40C00B-A542-4137-B8A4-A63754A1BE3E}.Debug|Any CPU.Build.0 = Debug|Any CPU
		{7D40C00B-A542-4137-B8A4-A63754A1BE3E}.Release|Any CPU.ActiveCfg = Release|Any CPU
		{7D40C00B-A542-4137-B8A4-A63754A1BE3E}.Release|Any CPU.Build.0 = Release|Any CPU
		{0AE987C2-FCA1-4FA8-9B42-DF763C6FA24C}.Debug|Any CPU.ActiveCfg = Debug|Any CPU
		{0AE987C2-FCA1-4FA8-9B42-DF763C6FA24C}.Debug|Any CPU.Build.0 = Debug|Any CPU
		{0AE987C2-FCA1-4FA8-9B42-DF763C6FA24C}.Release|Any CPU.ActiveCfg = Release|Any CPU
		{0AE987C2-FCA1-4FA8-9B42-DF763C6FA24C}.Release|Any CPU.Build.0 = Release|Any CPU
		{FD235A1B-6F26-4B70-A49F-A1049DC66D70}.Debug|Any CPU.ActiveCfg = Debug|Any CPU
		{FD235A1B-6F26-4B70-A49F-A1049DC66D70}.Debug|Any CPU.Build.0 = Debug|Any CPU
		{FD235A1B-6F26-4B70-A49F-A1049DC66D70}.Release|Any CPU.ActiveCfg = Release|Any CPU
		{FD235A1B-6F26-4B70-A49F-A1049DC66D70}.Release|Any CPU.Build.0 = Release|Any CPU
		{7BF19958-0234-492E-889C-0C1241415EE0}.Debug|Any CPU.ActiveCfg = Debug|Any CPU
		{7BF19958-0234-492E-889C-0C1241415EE0}.Debug|Any CPU.Build.0 = Debug|Any CPU
		{7BF19958-0234-492E-889C-0C1241415EE0}.Release|Any CPU.ActiveCfg = Release|Any CPU
		{7BF19958-0234-492E-889C-0C1241415EE0}.Release|Any CPU.Build.0 = Release|Any CPU
		{B7BDE5E0-D67E-471B-BBAA-AB00FAFF3C4E}.Debug|Any CPU.ActiveCfg = Debug|Any CPU
		{B7BDE5E0-D67E-471B-BBAA-AB00FAFF3C4E}.Debug|Any CPU.Build.0 = Debug|Any CPU
		{B7BDE5E0-D67E-471B-BBAA-AB00FAFF3C4E}.Release|Any CPU.ActiveCfg = Release|Any CPU
		{B7BDE5E0-D67E-471B-BBAA-AB00FAFF3C4E}.Release|Any CPU.Build.0 = Release|Any CPU
	EndGlobalSection
EndGlobal
